# This file was autogenerated by Stack.
# You should not edit this file by hand.
# For more information, please see the documentation at:
#   https://docs.haskellstack.org/en/stable/lock_files

packages:
- completed:
    hackage: base16-bytestring-1.0.1.0@sha256:33b9d57afa334d06485033e930c6b13fc760baf88fd8f715ae2f9a4b46e19a54,2641
    pantry-tree:
      size: 595
      sha256: 24661ef9b1089d468227300f8ceb89194b5cce68b9f6ed8109b01f63c07f54e3
  original:
    hackage: base16-bytestring-1.0.1.0@sha256:33b9d57afa334d06485033e930c6b13fc760baf88fd8f715ae2f9a4b46e19a54,2641
- completed:
    hackage: base32-z-bytestring-1.0.0.0@sha256:4fc021ad12af01831f8173f83a3dc904171b8329fad22e0858b26d16d94dff2d,2532
    pantry-tree:
      size: 593
      sha256: 13d579aa759f7d813246e12f3c111cbbefd36448fa30f05b277559ffbdad8f68
  original:
    hackage: base32-z-bytestring-1.0.0.0@sha256:4fc021ad12af01831f8173f83a3dc904171b8329fad22e0858b26d16d94dff2d,2532
- completed:
    hackage: binary-varint-0.1.0.0@sha256:4637979e3e029d5fcfc41133e9fd3b905d5d0b04d7135503911305c13093c743,1040
    pantry-tree:
      size: 275
      sha256: 893e531521b9aede05d5bc3ad1e643c1e5dbd887286639e6dac58e082c4f46a8
  original:
    hackage: binary-varint-0.1.0.0@sha256:4637979e3e029d5fcfc41133e9fd3b905d5d0b04d7135503911305c13093c743,1040
- completed:
    hackage: ipld-cid-0.1.0.0@sha256:cd7869d111925d250d4cdd5bb86e10e31fb8fa6a3061e454e34c87724e8e7a9a,1731
    pantry-tree:
      size: 329
      sha256: 7fa444f9f54a351ac9ec2a32931d15cf9e7a88515c296e0a43a27c3b713358f5
  original:
    hackage: ipld-cid-0.1.0.0@sha256:cd7869d111925d250d4cdd5bb86e10e31fb8fa6a3061e454e34c87724e8e7a9a,1731
- completed:
    hackage: monoid-subclasses-1.1@sha256:c8714abf6d70f9c71a187f460e5e72ae8b17ba59916a21866f2821cc78ac5fe8,2256
    pantry-tree:
      size: 1378
      sha256: fbd333576a74bad2709e49c13a936993e9c03e80581595a0f2600d4d46778041
  original:
    hackage: monoid-subclasses-1.1@sha256:c8714abf6d70f9c71a187f460e5e72ae8b17ba59916a21866f2821cc78ac5fe8,2256
- completed:
    hackage: multibase-0.1.2@sha256:ab01bd98c993f6fcfdfdd369d74db475121761ce1b89071d19105297d1e07ecf,1863
    pantry-tree:
      size: 456
      sha256: 1d5b3c89eace3595bdc254696aced6d945e39b2e47adcbaa6e6963af2e2da98e
  original:
    hackage: multibase-0.1.2@sha256:ab01bd98c993f6fcfdfdd369d74db475121761ce1b89071d19105297d1e07ecf,1863
- completed:
    hackage: multihash-cryptonite-0.1.0.0@sha256:300a463286f1dae58b383eca4f7acca0f10d77a4cdaf2a7f7aea3b369bf396f4,2215
    pantry-tree:
      size: 588
      sha256: e2f247754aab6fb0bcb1670bef7ab71ca485e26d7443d5730d65eb0d2b84d1a1
  original:
    hackage: multihash-cryptonite-0.1.0.0@sha256:300a463286f1dae58b383eca4f7acca0f10d77a4cdaf2a7f7aea3b369bf396f4,2215
- completed:
    hackage: sandi-0.5@sha256:b278d072ca717706ea38f9bd646e023f7f2576a778fb43565b434f93638849aa,3010
    pantry-tree:
      size: 3455
      sha256: 5ca7ce4bc22ab9d4427bb149b5e283ab9db43375df14f7131fdfd48775f36350
  original:
    hackage: sandi-0.5@sha256:b278d072ca717706ea38f9bd646e023f7f2576a778fb43565b434f93638849aa,3010
snapshots:
- completed:
    size: 563098
    url: https://raw.githubusercontent.com/commercialhaskell/stackage-snapshots/master/lts/17/1.yaml
    sha256: 395775c03e66a4286f134d50346b0b6f1432131cf542886252984b4cfa5fef69
  original: lts-17.1
